
Microsoft Visual Studio Solution File, Format Version 12.00
# Visual Studio Version 17
VisualStudioVersion = 17.13.35913.81 d17.13
MinimumVisualStudioVersion = 10.0.40219.1
Project("{FAE04EC0-301F-11D3-BF4B-00C04F79EFBC}") = "IPv4", "IPv4\IPv4.csproj", "{DC25263A-411C-42F5-AE9F-4FBA074ACC3C}"
EndProject
Global
	GlobalSection(SolutionConfigurationPlatforms) = preSolution
		Debug|Any CPU = Debug|Any CPU
		Release|Any CPU = Release|Any CPU
	EndGlobalSection
	GlobalSection(ProjectConfigurationPlatforms) = postSolution
		{DC25263A-411C-42F5-AE9F-4FBA074ACC3C}.Debug|Any CPU.ActiveCfg = Debug|Any CPU
		{DC25263A-411C-42F5-AE9F-4FBA074ACC3C}.Debug|Any CPU.Build.0 = Debug|Any CPU
		{DC25263A-411C-42F5-AE9F-4FBA074ACC3C}.Release|Any CPU.ActiveCfg = Release|Any CPU
		{DC25263A-411C-42F5-AE9F-4FBA074ACC3C}.Release|Any CPU.Build.0 = Release|Any CPU
	EndGlobalSection
	GlobalSection(SolutionProperties) = preSolution
		HideSolutionNode = FALSE
	EndGlobalSection
	GlobalSection(ExtensibilityGlobals) = postSolution
		SolutionGuid = {E954F837-1498-4EA3-A4D2-02064F86EEB2}
	EndGlobalSection
EndGlobal
