
Microsoft Visual Studio Solution File, Format Version 12.00
# Visual Studio Version 17
VisualStudioVersion = 17.13.35913.81 d17.13
MinimumVisualStudioVersion = 10.0.40219.1
Project("{FAE04EC0-301F-11D3-BF4B-00C04F79EFBC}") = "камень ножницы бумага", "камень ножницы бумага\камень ножницы бумага.csproj", "{A9E68752-E1F6-4981-B3EE-C12E31C64E8B}"
EndProject
Global
	GlobalSection(SolutionConfigurationPlatforms) = preSolution
		Debug|Any CPU = Debug|Any CPU
		Release|Any CPU = Release|Any CPU
	EndGlobalSection
	GlobalSection(ProjectConfigurationPlatforms) = postSolution
		{A9E68752-E1F6-4981-B3EE-C12E31C64E8B}.Debug|Any CPU.ActiveCfg = Debug|Any CPU
		{A9E68752-E1F6-4981-B3EE-C12E31C64E8B}.Debug|Any CPU.Build.0 = Debug|Any CPU
		{A9E68752-E1F6-4981-B3EE-C12E31C64E8B}.Release|Any CPU.ActiveCfg = Release|Any CPU
		{A9E68752-E1F6-4981-B3EE-C12E31C64E8B}.Release|Any CPU.Build.0 = Release|Any CPU
	EndGlobalSection
	GlobalSection(SolutionProperties) = preSolution
		HideSolutionNode = FALSE
	EndGlobalSection
	GlobalSection(ExtensibilityGlobals) = postSolution
		SolutionGuid = {AEB29E1A-DD29-42EE-B916-643F4F66B48A}
	EndGlobalSection
EndGlobal
