
Microsoft Visual Studio Solution File, Format Version 12.00
# Visual Studio Version 17
VisualStudioVersion = 17.13.35913.81 d17.13
MinimumVisualStudioVersion = 10.0.40219.1
Project("{888888A0-9F3D-457C-B088-3A5042F75D52}") = "Таблица истиности Питон", "Таблица истиности Питон\Таблица истиности Питон.pyproj", "{73908E2B-8EC0-48FB-8BD6-76031539DEFE}"
EndProject
Global
	GlobalSection(SolutionConfigurationPlatforms) = preSolution
		Debug|Any CPU = Debug|Any CPU
		Release|Any CPU = Release|Any CPU
	EndGlobalSection
	GlobalSection(ProjectConfigurationPlatforms) = postSolution
		{73908E2B-8EC0-48FB-8BD6-76031539DEFE}.Debug|Any CPU.ActiveCfg = Debug|Any CPU
		{73908E2B-8EC0-48FB-8BD6-76031539DEFE}.Release|Any CPU.ActiveCfg = Release|Any CPU
	EndGlobalSection
	GlobalSection(SolutionProperties) = preSolution
		HideSolutionNode = FALSE
	EndGlobalSection
	GlobalSection(ExtensibilityGlobals) = postSolution
		SolutionGuid = {3239D2FD-DE98-4C8A-B3CA-CB854E06545C}
	EndGlobalSection
EndGlobal
